
Microsoft Visual Studio Solution File, Format Version 12.00
# Visual Studio 15
VisualStudioVersion = 15.0.27004.2009
MinimumVisualStudioVersion = 10.0.40219.1
Project("{FAE04EC0-301F-11D3-BF4B-00C04F79EFBC}") = "Task1c", "Task1c\Task1c.csproj", "{54818FD7-CE4A-4B4C-8C14-BB66AF954708}"
EndProject
Project("{FAE04EC0-301F-11D3-BF4B-00C04F79EFBC}") = "LibraryFor1c", "LibraryFor1c\LibraryFor1c.csproj", "{2E1BF8EC-225E-4107-A52D-28B9C2F66D25}"
EndProject
Project("{FAE04EC0-301F-11D3-BF4B-00C04F79EFBC}") = "Task1c.Tests", "Task1c.Tests\Task1c.Tests.csproj", "{3931B49E-C0B3-4C71-B520-7E6D0EE7C01E}"
EndProject
Global
	GlobalSection(SolutionConfigurationPlatforms) = preSolution
		Debug|Any CPU = Debug|Any CPU
		Release|Any CPU = Release|Any CPU
	EndGlobalSection
	GlobalSection(ProjectConfigurationPlatforms) = postSolution
		{54818FD7-CE4A-4B4C-8C14-BB66AF954708}.Debug|Any CPU.ActiveCfg = Debug|Any CPU
		{54818FD7-CE4A-4B4C-8C14-BB66AF954708}.Debug|Any CPU.Build.0 = Debug|Any CPU
		{54818FD7-CE4A-4B4C-8C14-BB66AF954708}.Release|Any CPU.ActiveCfg = Release|Any CPU
		{54818FD7-CE4A-4B4C-8C14-BB66AF954708}.Release|Any CPU.Build.0 = Release|Any CPU
		{2E1BF8EC-225E-4107-A52D-28B9C2F66D25}.Debug|Any CPU.ActiveCfg = Debug|Any CPU
		{2E1BF8EC-225E-4107-A52D-28B9C2F66D25}.Debug|Any CPU.Build.0 = Debug|Any CPU
		{2E1BF8EC-225E-4107-A52D-28B9C2F66D25}.Release|Any CPU.ActiveCfg = Release|Any CPU
		{2E1BF8EC-225E-4107-A52D-28B9C2F66D25}.Release|Any CPU.Build.0 = Release|Any CPU
		{3931B49E-C0B3-4C71-B520-7E6D0EE7C01E}.Debug|Any CPU.ActiveCfg = Debug|Any CPU
		{3931B49E-C0B3-4C71-B520-7E6D0EE7C01E}.Debug|Any CPU.Build.0 = Debug|Any CPU
		{3931B49E-C0B3-4C71-B520-7E6D0EE7C01E}.Release|Any CPU.ActiveCfg = Release|Any CPU
		{3931B49E-C0B3-4C71-B520-7E6D0EE7C01E}.Release|Any CPU.Build.0 = Release|Any CPU
	EndGlobalSection
	GlobalSection(SolutionProperties) = preSolution
		HideSolutionNode = FALSE
	EndGlobalSection
	GlobalSection(ExtensibilityGlobals) = postSolution
		SolutionGuid = {51C03338-DB51-4C72-886B-6C298CB2ECEC}
	EndGlobalSection
EndGlobal
